
Microsoft Visual Studio Solution File, Format Version 12.00
# Visual Studio Version 16
VisualStudioVersion = 16.0.29201.188
MinimumVisualStudioVersion = 10.0.40219.1
Project("{FAE04EC0-301F-11D3-BF4B-00C04F79EFBC}") = "APIAutomation", "APIAutomation\APIAutomation.csproj", "{73895A35-62EE-4F81-A5BF-AB1DF6AB2EFB}"
EndProject
Global
	GlobalSection(SolutionConfigurationPlatforms) = preSolution
		Debug|Any CPU = Debug|Any CPU
		Release|Any CPU = Release|Any CPU
	EndGlobalSection
	GlobalSection(ProjectConfigurationPlatforms) = postSolution
		{73895A35-62EE-4F81-A5BF-AB1DF6AB2EFB}.Debug|Any CPU.ActiveCfg = Debug|Any CPU
		{73895A35-62EE-4F81-A5BF-AB1DF6AB2EFB}.Debug|Any CPU.Build.0 = Debug|Any CPU
		{73895A35-62EE-4F81-A5BF-AB1DF6AB2EFB}.Release|Any CPU.ActiveCfg = Release|Any CPU
		{73895A35-62EE-4F81-A5BF-AB1DF6AB2EFB}.Release|Any CPU.Build.0 = Release|Any CPU
	EndGlobalSection
	GlobalSection(SolutionProperties) = preSolution
		HideSolutionNode = FALSE
	EndGlobalSection
	GlobalSection(ExtensibilityGlobals) = postSolution
		SolutionGuid = {11503D22-A624-4CFD-BA93-0307C411ACA8}
	EndGlobalSection
EndGlobal
